{
    "_readme": [
        "This file locks the dependencies of your project to a known state",
        "Read more about it at http://getcomposer.org/doc/01-basic-usage.md#composer-lock-the-lock-file"
    ],
    "hash": "3863d70884e98d00b6edd554116499e9",
    "packages": [
        {
            "name": "phpdocumentor/unified-asset-installer",
            "version": "1.1",
            "source": {
                "type": "git",
                "url": "https://github.com/phpDocumentor/UnifiedAssetInstaller.git",
                "reference": "1.1"
            },
            "dist": {
                "type": "zip",
                "url": "https://api.github.com/repos/phpDocumentor/UnifiedAssetInstaller/zipball/1.1",
                "reference": "1.1",
                "shasum": ""
            },
            "require-dev": {
                "composer/composer": "~1.0@dev",
                "phpunit/phpunit": "~3.7"
            },
            "type": "composer-installer",
            "extra": {
                "class": "\\phpDocumentor\\Composer\\UnifiedAssetInstaller"
            },
            "autoload": {
                "psr-0": {
                    "phpDocumentor\\Composer": [
                        "src/",
                        "test/unit/"
                    ]
                }
            },
            "notification-url": "https://packagist.org/downloads/",
            "license": [
                "MIT"
            ],
            "description": "Asset installer for phpDocumentor",
            "homepage": "http://www.phpdoc.org",
            "keywords": [
                "assets",
                "installer",
                "plugins",
                "templates"
            ],
            "time": "2013-08-01 19:35:55"
        }
    ],
    "packages-dev": [

    ],
    "aliases": [

    ],
    "minimum-stability": "stable",
    "stability-flags": [

    ],
    "platform": {
        "ext-xsl": "*"
    },
    "platform-dev": [

    ]
}
